
Microsoft Visual Studio Solution File, Format Version 12.00
# Visual Studio Version 17
VisualStudioVersion = 17.6.33723.286
MinimumVisualStudioVersion = 10.0.40219.1
Project("{8BC9CEB8-8B4A-11D0-8D11-00A0C91BC942}") = "QTestPlayer2", "QTestPlayer2.vcxproj", "{D6227708-529D-419C-BE7C-B8DE23892D35}"
EndProject
Global
	GlobalSection(SolutionConfigurationPlatforms) = preSolution
		Debug|x64 = Debug|x64
		Release|x64 = Release|x64
	EndGlobalSection
	GlobalSection(ProjectConfigurationPlatforms) = postSolution
		{D6227708-529D-419C-BE7C-B8DE23892D35}.Debug|x64.ActiveCfg = Debug|x64
		{D6227708-529D-419C-BE7C-B8DE23892D35}.Debug|x64.Build.0 = Debug|x64
		{D6227708-529D-419C-BE7C-B8DE23892D35}.Release|x64.ActiveCfg = Release|x64
		{D6227708-529D-419C-BE7C-B8DE23892D35}.Release|x64.Build.0 = Release|x64
	EndGlobalSection
	GlobalSection(SolutionProperties) = preSolution
		HideSolutionNode = FALSE
	EndGlobalSection
	GlobalSection(ExtensibilityGlobals) = postSolution
		SolutionGuid = {0E7B9829-668A-49D8-BF22-CB783456177D}
	EndGlobalSection
EndGlobal
